
Microsoft Visual Studio Solution File, Format Version 12.00
# Visual Studio Version 17
VisualStudioVersion = 17.5.002.0
MinimumVisualStudioVersion = 10.0.40219.1
Project("{9A19103F-16F7-4668-BE54-9A1E7A4F7556}") = "ValidateTheNameModelBinding", "ValidateTheNameModelBinding.csproj", "{646C18A1-4536-4FDD-B164-9949B6AC02E8}"
EndProject
Global
	GlobalSection(SolutionConfigurationPlatforms) = preSolution
		Debug|Any CPU = Debug|Any CPU
		Release|Any CPU = Release|Any CPU
	EndGlobalSection
	GlobalSection(ProjectConfigurationPlatforms) = postSolution
		{646C18A1-4536-4FDD-B164-9949B6AC02E8}.Debug|Any CPU.ActiveCfg = Debug|Any CPU
		{646C18A1-4536-4FDD-B164-9949B6AC02E8}.Debug|Any CPU.Build.0 = Debug|Any CPU
		{646C18A1-4536-4FDD-B164-9949B6AC02E8}.Release|Any CPU.ActiveCfg = Release|Any CPU
		{646C18A1-4536-4FDD-B164-9949B6AC02E8}.Release|Any CPU.Build.0 = Release|Any CPU
	EndGlobalSection
	GlobalSection(SolutionProperties) = preSolution
		HideSolutionNode = FALSE
	EndGlobalSection
	GlobalSection(ExtensibilityGlobals) = postSolution
		SolutionGuid = {5CAB42FD-4709-4B14-AB0D-F8518123B023}
	EndGlobalSection
EndGlobal
